
Microsoft Visual Studio Solution File, Format Version 12.00
# Visual Studio Version 16
VisualStudioVersion = 16.0.29519.181
MinimumVisualStudioVersion = 10.0.40219.1
Project("{FAE04EC0-301F-11D3-BF4B-00C04F79EFBC}") = "RGroupTestApp1", "RGroupTestApp1.csproj", "{32856E90-85B6-4A98-8A3F-009B4683D445}"
EndProject
Global
	GlobalSection(SolutionConfigurationPlatforms) = preSolution
		Debug|Any CPU = Debug|Any CPU
		Release|Any CPU = Release|Any CPU
	EndGlobalSection
	GlobalSection(ProjectConfigurationPlatforms) = postSolution
		{32856E90-85B6-4A98-8A3F-009B4683D445}.Debug|Any CPU.ActiveCfg = Debug|Any CPU
		{32856E90-85B6-4A98-8A3F-009B4683D445}.Debug|Any CPU.Build.0 = Debug|Any CPU
		{32856E90-85B6-4A98-8A3F-009B4683D445}.Release|Any CPU.ActiveCfg = Release|Any CPU
		{32856E90-85B6-4A98-8A3F-009B4683D445}.Release|Any CPU.Build.0 = Release|Any CPU
	EndGlobalSection
	GlobalSection(SolutionProperties) = preSolution
		HideSolutionNode = FALSE
	EndGlobalSection
	GlobalSection(ExtensibilityGlobals) = postSolution
		SolutionGuid = {E2025193-9A6E-49D2-99B3-EE9585B85653}
	EndGlobalSection
EndGlobal
